// !$*UTF8*$!
{
	archiveVersion = 1;
	classes = {
	};
	objectVersion = 55;
	objects = {

/* Begin PBXBuildFile section */
		194B8138282B6B6400A63F48 /* woolApp.swift in Sources */ = {isa = PBXBuildFile; fileRef = 194B8137282B6B6400A63F48 /* woolApp.swift */; };
		194B813A282B6B6400A63F48 /* ContentView.swift in Sources */ = {isa = PBXBuildFile; fileRef = 194B8139282B6B6400A63F48 /* ContentView.swift */; };
		194B813C282B6B6700A63F48 /* Assets.xcassets in Resources */ = {isa = PBXBuildFile; fileRef = 194B813B282B6B6700A63F48 /* Assets.xcassets */; };
		194B813F282B6B6700A63F48 /* Preview Assets.xcassets in Resources */ = {isa = PBXBuildFile; fileRef = 194B813E282B6B6700A63F48 /* Preview Assets.xcassets */; };
		194B8141282B6B6700A63F48 /* Persistence.swift in Sources */ = {isa = PBXBuildFile; fileRef = 194B8140282B6B6700A63F48 /* Persistence.swift */; };
		194B8144282B6B6700A63F48 /* wool.xcdatamodeld in Sources */ = {isa = PBXBuildFile; fileRef = 194B8142282B6B6700A63F48 /* wool.xcdatamodeld */; };
		194B814C282B6CB900A63F48 /* AddPlanView.swift in Sources */ = {isa = PBXBuildFile; fileRef = 194B814B282B6CB900A63F48 /* AddPlanView.swift */; };
		194B814E282B89F400A63F48 /* AddCardView.swift in Sources */ = {isa = PBXBuildFile; fileRef = 194B814D282B89F400A63F48 /* AddCardView.swift */; };
		194B8153282BA0DD00A63F48 /* CardView.swift in Sources */ = {isa = PBXBuildFile; fileRef = 194B8152282BA0DD00A63F48 /* CardView.swift */; };
		19EF3C39288FD2AD0059E703 /* PlanView.swift in Sources */ = {isa = PBXBuildFile; fileRef = 19EF3C38288FD2AD0059E703 /* PlanView.swift */; };
		19EF3C3B28911AB10059E703 /* IndexView.swift in Sources */ = {isa = PBXBuildFile; fileRef = 19EF3C3A28911AB10059E703 /* IndexView.swift */; };
		19EF3C3D28911ABE0059E703 /* ReportView.swift in Sources */ = {isa = PBXBuildFile; fileRef = 19EF3C3C28911ABE0059E703 /* ReportView.swift */; };
		19EF3C4128911D2F0059E703 /* MineView.swift in Sources */ = {isa = PBXBuildFile; fileRef = 19EF3C4028911D2F0059E703 /* MineView.swift */; };
		19F949A528508F8F003D4A81 /* Units.swift in Sources */ = {isa = PBXBuildFile; fileRef = 19F949A428508F8F003D4A81 /* Units.swift */; };
/* End PBXBuildFile section */

/* Begin PBXFileReference section */
		194B8134282B6B6400A63F48 /* wool.app */ = {isa = PBXFileReference; explicitFileType = wrapper.application; includeInIndex = 0; path = wool.app; sourceTree = BUILT_PRODUCTS_DIR; };
		194B8137282B6B6400A63F48 /* woolApp.swift */ = {isa = PBXFileReference; lastKnownFileType = sourcecode.swift; path = woolApp.swift; sourceTree = "<group>"; };
		194B8139282B6B6400A63F48 /* ContentView.swift */ = {isa = PBXFileReference; lastKnownFileType = sourcecode.swift; path = ContentView.swift; sourceTree = "<group>"; };
		194B813B282B6B6700A63F48 /* Assets.xcassets */ = {isa = PBXFileReference; lastKnownFileType = folder.assetcatalog; path = Assets.xcassets; sourceTree = "<group>"; };
		194B813E282B6B6700A63F48 /* Preview Assets.xcassets */ = {isa = PBXFileReference; lastKnownFileType = folder.assetcatalog; path = "Preview Assets.xcassets"; sourceTree = "<group>"; };
		194B8140282B6B6700A63F48 /* Persistence.swift */ = {isa = PBXFileReference; lastKnownFileType = sourcecode.swift; path = Persistence.swift; sourceTree = "<group>"; };
		194B8143282B6B6700A63F48 /* wool.xcdatamodel */ = {isa = PBXFileReference; lastKnownFileType = wrapper.xcdatamodel; path = wool.xcdatamodel; sourceTree = "<group>"; };
		194B814B282B6CB900A63F48 /* AddPlanView.swift */ = {isa = PBXFileReference; lastKnownFileType = sourcecode.swift; path = AddPlanView.swift; sourceTree = "<group>"; };
		194B814D282B89F400A63F48 /* AddCardView.swift */ = {isa = PBXFileReference; lastKnownFileType = sourcecode.swift; path = AddCardView.swift; sourceTree = "<group>"; };
		194B8152282BA0DD00A63F48 /* CardView.swift */ = {isa = PBXFileReference; lastKnownFileType = sourcecode.swift; path = CardView.swift; sourceTree = "<group>"; };
		19EF3C38288FD2AD0059E703 /* PlanView.swift */ = {isa = PBXFileReference; lastKnownFileType = sourcecode.swift; path = PlanView.swift; sourceTree = "<group>"; };
		19EF3C3A28911AB10059E703 /* IndexView.swift */ = {isa = PBXFileReference; lastKnownFileType = sourcecode.swift; path = IndexView.swift; sourceTree = "<group>"; };
		19EF3C3C28911ABE0059E703 /* ReportView.swift */ = {isa = PBXFileReference; lastKnownFileType = sourcecode.swift; path = ReportView.swift; sourceTree = "<group>"; };
		19EF3C4028911D2F0059E703 /* MineView.swift */ = {isa = PBXFileReference; lastKnownFileType = sourcecode.swift; path = MineView.swift; sourceTree = "<group>"; };
		19F949A428508F8F003D4A81 /* Units.swift */ = {isa = PBXFileReference; lastKnownFileType = sourcecode.swift; path = Units.swift; sourceTree = "<group>"; };
/* End PBXFileReference section */

/* Begin PBXFrameworksBuildPhase section */
		194B8131282B6B6400A63F48 /* Frameworks */ = {
			isa = PBXFrameworksBuildPhase;
			buildActionMask = 2147483647;
			files = (
			);
			runOnlyForDeploymentPostprocessing = 0;
		};
/* End PBXFrameworksBuildPhase section */

/* Begin PBXGroup section */
		194B812B282B6B6400A63F48 = {
			isa = PBXGroup;
			children = (
				194B8136282B6B6400A63F48 /* wool */,
				194B8135282B6B6400A63F48 /* Products */,
			);
			sourceTree = "<group>";
		};
		194B8135282B6B6400A63F48 /* Products */ = {
			isa = PBXGroup;
			children = (
				194B8134282B6B6400A63F48 /* wool.app */,
			);
			name = Products;
			sourceTree = "<group>";
		};
		194B8136282B6B6400A63F48 /* wool */ = {
			isa = PBXGroup;
			children = (
				19F949A328508F82003D4A81 /* Model */,
				194B814A282B6CA600A63F48 /* View */,
				194B8137282B6B6400A63F48 /* woolApp.swift */,
				194B8139282B6B6400A63F48 /* ContentView.swift */,
				194B813B282B6B6700A63F48 /* Assets.xcassets */,
				194B8140282B6B6700A63F48 /* Persistence.swift */,
				194B8142282B6B6700A63F48 /* wool.xcdatamodeld */,
				194B813D282B6B6700A63F48 /* Preview Content */,
			);
			path = wool;
			sourceTree = "<group>";
		};
		194B813D282B6B6700A63F48 /* Preview Content */ = {
			isa = PBXGroup;
			children = (
				194B813E282B6B6700A63F48 /* Preview Assets.xcassets */,
			);
			path = "Preview Content";
			sourceTree = "<group>";
		};
		194B814A282B6CA600A63F48 /* View */ = {
			isa = PBXGroup;
			children = (
				194B814B282B6CB900A63F48 /* AddPlanView.swift */,
				194B814D282B89F400A63F48 /* AddCardView.swift */,
				194B8152282BA0DD00A63F48 /* CardView.swift */,
				19EF3C38288FD2AD0059E703 /* PlanView.swift */,
				19EF3C3A28911AB10059E703 /* IndexView.swift */,
				19EF3C3C28911ABE0059E703 /* ReportView.swift */,
				19EF3C4028911D2F0059E703 /* MineView.swift */,
			);
			path = View;
			sourceTree = "<group>";
		};
		19F949A328508F82003D4A81 /* Model */ = {
			isa = PBXGroup;
			children = (
				19F949A428508F8F003D4A81 /* Units.swift */,
			);
			path = Model;
			sourceTree = "<group>";
		};
/* End PBXGroup section */

/* Begin PBXNativeTarget section */
		194B8133282B6B6400A63F48 /* wool */ = {
			isa = PBXNativeTarget;
			buildConfigurationList = 194B8147282B6B6700A63F48 /* Build configuration list for PBXNativeTarget "wool" */;
			buildPhases = (
				194B8130282B6B6400A63F48 /* Sources */,
				194B8131282B6B6400A63F48 /* Frameworks */,
				194B8132282B6B6400A63F48 /* Resources */,
			);
			buildRules = (
			);
			dependencies = (
			);
			name = wool;
			productName = wool;
			productReference = 194B8134282B6B6400A63F48 /* wool.app */;
			productType = "com.apple.product-type.application";
		};
/* End PBXNativeTarget section */

/* Begin PBXProject section */
		194B812C282B6B6400A63F48 /* Project object */ = {
			isa = PBXProject;
			attributes = {
				BuildIndependentTargetsInParallel = 1;
				LastSwiftUpdateCheck = 1310;
				LastUpgradeCheck = 1310;
				TargetAttributes = {
					194B8133282B6B6400A63F48 = {
						CreatedOnToolsVersion = 13.1;
					};
				};
			};
			buildConfigurationList = 194B812F282B6B6400A63F48 /* Build configuration list for PBXProject "wool" */;
			compatibilityVersion = "Xcode 13.0";
			developmentRegion = en;
			hasScannedForEncodings = 0;
			knownRegions = (
				en,
				Base,
			);
			mainGroup = 194B812B282B6B6400A63F48;
			productRefGroup = 194B8135282B6B6400A63F48 /* Products */;
			projectDirPath = "";
			projectRoot = "";
			targets = (
				194B8133282B6B6400A63F48 /* wool */,
			);
		};
/* End PBXProject section */

/* Begin PBXResourcesBuildPhase section */
		194B8132282B6B6400A63F48 /* Resources */ = {
			isa = PBXResourcesBuildPhase;
			buildActionMask = 2147483647;
			files = (
				194B813F282B6B6700A63F48 /* Preview Assets.xcassets in Resources */,
				194B813C282B6B6700A63F48 /* Assets.xcassets in Resources */,
			);
			runOnlyForDeploymentPostprocessing = 0;
		};
/* End PBXResourcesBuildPhase section */

/* Begin PBXSourcesBuildPhase section */
		194B8130282B6B6400A63F48 /* Sources */ = {
			isa = PBXSourcesBuildPhase;
			buildActionMask = 2147483647;
			files = (
				194B8153282BA0DD00A63F48 /* CardView.swift in Sources */,
				19EF3C4128911D2F0059E703 /* MineView.swift in Sources */,
				194B814E282B89F400A63F48 /* AddCardView.swift in Sources */,
				19EF3C39288FD2AD0059E703 /* PlanView.swift in Sources */,
				19EF3C3B28911AB10059E703 /* IndexView.swift in Sources */,
				194B814C282B6CB900A63F48 /* AddPlanView.swift in Sources */,
				19EF3C3D28911ABE0059E703 /* ReportView.swift in Sources */,
				194B8141282B6B6700A63F48 /* Persistence.swift in Sources */,
				194B813A282B6B6400A63F48 /* ContentView.swift in Sources */,
				19F949A528508F8F003D4A81 /* Units.swift in Sources */,
				194B8144282B6B6700A63F48 /* wool.xcdatamodeld in Sources */,
				194B8138282B6B6400A63F48 /* woolApp.swift in Sources */,
			);
			runOnlyForDeploymentPostprocessing = 0;
		};
/* End PBXSourcesBuildPhase section */

/* Begin XCBuildConfiguration section */
		194B8145282B6B6700A63F48 /* Debug */ = {
			isa = XCBuildConfiguration;
			buildSettings = {
				ALWAYS_SEARCH_USER_PATHS = NO;
				CLANG_ANALYZER_NONNULL = YES;
				CLANG_ANALYZER_NUMBER_OBJECT_CONVERSION = YES_AGGRESSIVE;
				CLANG_CXX_LANGUAGE_STANDARD = "gnu++17";
				CLANG_CXX_LIBRARY = "libc++";
				CLANG_ENABLE_MODULES = YES;
				CLANG_ENABLE_OBJC_ARC = YES;
				CLANG_ENABLE_OBJC_WEAK = YES;
				CLANG_WARN_BLOCK_CAPTURE_AUTORELEASING = YES;
				CLANG_WARN_BOOL_CONVERSION = YES;
				CLANG_WARN_COMMA = YES;
				CLANG_WARN_CONSTANT_CONVERSION = YES;
				CLANG_WARN_DEPRECATED_OBJC_IMPLEMENTATIONS = YES;
				CLANG_WARN_DIRECT_OBJC_ISA_USAGE = YES_ERROR;
				CLANG_WARN_DOCUMENTATION_COMMENTS = YES;
				CLANG_WARN_EMPTY_BODY = YES;
				CLANG_WARN_ENUM_CONVERSION = YES;
				CLANG_WARN_INFINITE_RECURSION = YES;
				CLANG_WARN_INT_CONVERSION = YES;
				CLANG_WARN_NON_LITERAL_NULL_CONVERSION = YES;
				CLANG_WARN_OBJC_IMPLICIT_RETAIN_SELF = YES;
				CLANG_WARN_OBJC_LITERAL_CONVERSION = YES;
				CLANG_WARN_OBJC_ROOT_CLASS = YES_ERROR;
				CLANG_WARN_QUOTED_INCLUDE_IN_FRAMEWORK_HEADER = YES;
				CLANG_WARN_RANGE_LOOP_ANALYSIS = YES;
				CLANG_WARN_STRICT_PROTOTYPES = YES;
				CLANG_WARN_SUSPICIOUS_MOVE = YES;
				CLANG_WARN_UNGUARDED_AVAILABILITY = YES_AGGRESSIVE;
				CLANG_WARN_UNREACHABLE_CODE = YES;
				CLANG_WARN__DUPLICATE_METHOD_MATCH = YES;
				COPY_PHASE_STRIP = NO;
				DEBUG_INFORMATION_FORMAT = dwarf;
				ENABLE_STRICT_OBJC_MSGSEND = YES;
				ENABLE_TESTABILITY = YES;
				GCC_C_LANGUAGE_STANDARD = gnu11;
				GCC_DYNAMIC_NO_PIC = NO;
				GCC_NO_COMMON_BLOCKS = YES;
				GCC_OPTIMIZATION_LEVEL = 0;
				GCC_PREPROCESSOR_DEFINITIONS = (
					"DEBUG=1",
					"$(inherited)",
				);
				GCC_WARN_64_TO_32_BIT_CONVERSION = YES;
				GCC_WARN_ABOUT_RETURN_TYPE = YES_ERROR;
				GCC_WARN_UNDECLARED_SELECTOR = YES;
				GCC_WARN_UNINITIALIZED_AUTOS = YES_AGGRESSIVE;
				GCC_WARN_UNUSED_FUNCTION = YES;
				GCC_WARN_UNUSED_VARIABLE = YES;
				IPHONEOS_DEPLOYMENT_TARGET = 15.0;
				MTL_ENABLE_DEBUG_INFO = INCLUDE_SOURCE;
				MTL_FAST_MATH = YES;
				ONLY_ACTIVE_ARCH = YES;
				SDKROOT = iphoneos;
				SWIFT_ACTIVE_COMPILATION_CONDITIONS = DEBUG;
				SWIFT_OPTIMIZATION_LEVEL = "-Onone";
			};
			name = Debug;
		};
		194B8146282B6B6700A63F48 /* Release */ = {
			isa = XCBuildConfiguration;
			buildSettings = {
				ALWAYS_SEARCH_USER_PATHS = NO;
				CLANG_ANALYZER_NONNULL = YES;
				CLANG_ANALYZER_NUMBER_OBJECT_CONVERSION = YES_AGGRESSIVE;
				CLANG_CXX_LANGUAGE_STANDARD = "gnu++17";
				CLANG_CXX_LIBRARY = "libc++";
				CLANG_ENABLE_MODULES = YES;
				CLANG_ENABLE_OBJC_ARC = YES;
				CLANG_ENABLE_OBJC_WEAK = YES;
				CLANG_WARN_BLOCK_CAPTURE_AUTORELEASING = YES;
				CLANG_WARN_BOOL_CONVERSION = YES;
				CLANG_WARN_COMMA = YES;
				CLANG_WARN_CONSTANT_CONVERSION = YES;
				CLANG_WARN_DEPRECATED_OBJC_IMPLEMENTATIONS = YES;
				CLANG_WARN_DIRECT_OBJC_ISA_USAGE = YES_ERROR;
				CLANG_WARN_DOCUMENTATION_COMMENTS = YES;
				CLANG_WARN_EMPTY_BODY = YES;
				CLANG_WARN_ENUM_CONVERSION = YES;
				CLANG_WARN_INFINITE_RECURSION = YES;
				CLANG_WARN_INT_CONVERSION = YES;
				CLANG_WARN_NON_LITERAL_NULL_CONVERSION = YES;
				CLANG_WARN_OBJC_IMPLICIT_RETAIN_SELF = YES;
				CLANG_WARN_OBJC_LITERAL_CONVERSION = YES;
				CLANG_WARN_OBJC_ROOT_CLASS = YES_ERROR;
				CLANG_WARN_QUOTED_INCLUDE_IN_FRAMEWORK_HEADER = YES;
				CLANG_WARN_RANGE_LOOP_ANALYSIS = YES;
				CLANG_WARN_STRICT_PROTOTYPES = YES;
				CLANG_WARN_SUSPICIOUS_MOVE = YES;
				CLANG_WARN_UNGUARDED_AVAILABILITY = YES_AGGRESSIVE;
				CLANG_WARN_UNREACHABLE_CODE = YES;
				CLANG_WARN__DUPLICATE_METHOD_MATCH = YES;
				COPY_PHASE_STRIP = NO;
				DEBUG_INFORMATION_FORMAT = "dwarf-with-dsym";
				ENABLE_NS_ASSERTIONS = NO;
				ENABLE_STRICT_OBJC_MSGSEND = YES;
				GCC_C_LANGUAGE_STANDARD = gnu11;
				GCC_NO_COMMON_BLOCKS = YES;
				GCC_WARN_64_TO_32_BIT_CONVERSION = YES;
				GCC_WARN_ABOUT_RETURN_TYPE = YES_ERROR;
				GCC_WARN_UNDECLARED_SELECTOR = YES;
				GCC_WARN_UNINITIALIZED_AUTOS = YES_AGGRESSIVE;
				GCC_WARN_UNUSED_FUNCTION = YES;
				GCC_WARN_UNUSED_VARIABLE = YES;
				IPHONEOS_DEPLOYMENT_TARGET = 15.0;
				MTL_ENABLE_DEBUG_INFO = NO;
				MTL_FAST_MATH = YES;
				SDKROOT = iphoneos;
				SWIFT_COMPILATION_MODE = wholemodule;
				SWIFT_OPTIMIZATION_LEVEL = "-O";
				VALIDATE_PRODUCT = YES;
			};
			name = Release;
		};
		194B8148282B6B6700A63F48 /* Debug */ = {
			isa = XCBuildConfiguration;
			buildSettings = {
				ASSETCATALOG_COMPILER_APPICON_NAME = AppIcon;
				ASSETCATALOG_COMPILER_GLOBAL_ACCENT_COLOR_NAME = AccentColor;
				CODE_SIGN_STYLE = Automatic;
				CURRENT_PROJECT_VERSION = 1;
				DEVELOPMENT_ASSET_PATHS = "\"wool/Preview Content\"";
				DEVELOPMENT_TEAM = P6D668523H;
				ENABLE_PREVIEWS = YES;
				GENERATE_INFOPLIST_FILE = YES;
				INFOPLIST_KEY_UIApplicationSceneManifest_Generation = YES;
				INFOPLIST_KEY_UIApplicationSupportsIndirectInputEvents = YES;
				INFOPLIST_KEY_UILaunchScreen_Generation = YES;
				INFOPLIST_KEY_UISupportedInterfaceOrientations_iPad = "UIInterfaceOrientationPortrait UIInterfaceOrientationPortraitUpsideDown UIInterfaceOrientationLandscapeLeft UIInterfaceOrientationLandscapeRight";
				INFOPLIST_KEY_UISupportedInterfaceOrientations_iPhone = "UIInterfaceOrientationPortrait UIInterfaceOrientationLandscapeLeft UIInterfaceOrientationLandscapeRight";
				LD_RUNPATH_SEARCH_PATHS = (
					"$(inherited)",
					"@executable_path/Frameworks",
				);
				MARKETING_VERSION = 1.0;
				PRODUCT_BUNDLE_IDENTIFIER = love.xzjs.wool;
				PRODUCT_NAME = "$(TARGET_NAME)";
				SWIFT_EMIT_LOC_STRINGS = YES;
				SWIFT_VERSION = 5.0;
				TARGETED_DEVICE_FAMILY = "1,2";
			};
			name = Debug;
		};
		194B8149282B6B6700A63F48 /* Release */ = {
			isa = XCBuildConfiguration;
			buildSettings = {
				ASSETCATALOG_COMPILER_APPICON_NAME = AppIcon;
				ASSETCATALOG_COMPILER_GLOBAL_ACCENT_COLOR_NAME = AccentColor;
				CODE_SIGN_STYLE = Automatic;
				CURRENT_PROJECT_VERSION = 1;
				DEVELOPMENT_ASSET_PATHS = "\"wool/Preview Content\"";
				DEVELOPMENT_TEAM = P6D668523H;
				ENABLE_PREVIEWS = YES;
				GENERATE_INFOPLIST_FILE = YES;
				INFOPLIST_KEY_UIApplicationSceneManifest_Generation = YES;
				INFOPLIST_KEY_UIApplicationSupportsIndirectInputEvents = YES;
				INFOPLIST_KEY_UILaunchScreen_Generation = YES;
				INFOPLIST_KEY_UISupportedInterfaceOrientations_iPad = "UIInterfaceOrientationPortrait UIInterfaceOrientationPortraitUpsideDown UIInterfaceOrientationLandscapeLeft UIInterfaceOrientationLandscapeRight";
				INFOPLIST_KEY_UISupportedInterfaceOrientations_iPhone = "UIInterfaceOrientationPortrait UIInterfaceOrientationLandscapeLeft UIInterfaceOrientationLandscapeRight";
				LD_RUNPATH_SEARCH_PATHS = (
					"$(inherited)",
					"@executable_path/Frameworks",
				);
				MARKETING_VERSION = 1.0;
				PRODUCT_BUNDLE_IDENTIFIER = love.xzjs.wool;
				PRODUCT_NAME = "$(TARGET_NAME)";
				SWIFT_EMIT_LOC_STRINGS = YES;
				SWIFT_VERSION = 5.0;
				TARGETED_DEVICE_FAMILY = "1,2";
			};
			name = Release;
		};
/* End XCBuildConfiguration section */

/* Begin XCConfigurationList section */
		194B812F282B6B6400A63F48 /* Build configuration list for PBXProject "wool" */ = {
			isa = XCConfigurationList;
			buildConfigurations = (
				194B8145282B6B6700A63F48 /* Debug */,
				194B8146282B6B6700A63F48 /* Release */,
			);
			defaultConfigurationIsVisible = 0;
			defaultConfigurationName = Release;
		};
		194B8147282B6B6700A63F48 /* Build configuration list for PBXNativeTarget "wool" */ = {
			isa = XCConfigurationList;
			buildConfigurations = (
				194B8148282B6B6700A63F48 /* Debug */,
				194B8149282B6B6700A63F48 /* Release */,
			);
			defaultConfigurationIsVisible = 0;
			defaultConfigurationName = Release;
		};
/* End XCConfigurationList section */

/* Begin XCVersionGroup section */
		194B8142282B6B6700A63F48 /* wool.xcdatamodeld */ = {
			isa = XCVersionGroup;
			children = (
				194B8143282B6B6700A63F48 /* wool.xcdatamodel */,
			);
			currentVersion = 194B8143282B6B6700A63F48 /* wool.xcdatamodel */;
			path = wool.xcdatamodeld;
			sourceTree = "<group>";
			versionGroupType = wrapper.xcdatamodel;
		};
/* End XCVersionGroup section */
	};
	rootObject = 194B812C282B6B6400A63F48 /* Project object */;
}
